
Microsoft Visual Studio Solution File, Format Version 12.00
# Visual Studio 15
VisualStudioVersion = 15.0.28307.1145
MinimumVisualStudioVersion = 10.0.40219.1
Project("{9A19103F-16F7-4668-BE54-9A1E7A4F7556}") = "ProgramAssessment", "ProgramAssessment\ProgramAssessment.csproj", "{E96AE1CB-C3C6-447A-B47C-590D425AF50A}"
EndProject
Project("{FAE04EC0-301F-11D3-BF4B-00C04F79EFBC}") = "ProgramAssessment.Entities", "ProgramAssessment.Entities\ProgramAssessment.Entities.csproj", "{6A2A68F5-C31E-4B5C-B70C-465432DC6A3B}"
EndProject
Project("{FAE04EC0-301F-11D3-BF4B-00C04F79EFBC}") = "ProgramAssessment.Models", "ProgramAssessment.Models\ProgramAssessment.Models.csproj", "{B0F4B6AB-A546-4FDF-95F2-E2C8AE07A973}"
EndProject
Global
	GlobalSection(SolutionConfigurationPlatforms) = preSolution
		Debug|Any CPU = Debug|Any CPU
		Release|Any CPU = Release|Any CPU
	EndGlobalSection
	GlobalSection(ProjectConfigurationPlatforms) = postSolution
		{E96AE1CB-C3C6-447A-B47C-590D425AF50A}.Debug|Any CPU.ActiveCfg = Debug|Any CPU
		{E96AE1CB-C3C6-447A-B47C-590D425AF50A}.Debug|Any CPU.Build.0 = Debug|Any CPU
		{E96AE1CB-C3C6-447A-B47C-590D425AF50A}.Release|Any CPU.ActiveCfg = Release|Any CPU
		{E96AE1CB-C3C6-447A-B47C-590D425AF50A}.Release|Any CPU.Build.0 = Release|Any CPU
		{6A2A68F5-C31E-4B5C-B70C-465432DC6A3B}.Debug|Any CPU.ActiveCfg = Debug|Any CPU
		{6A2A68F5-C31E-4B5C-B70C-465432DC6A3B}.Debug|Any CPU.Build.0 = Debug|Any CPU
		{6A2A68F5-C31E-4B5C-B70C-465432DC6A3B}.Release|Any CPU.ActiveCfg = Release|Any CPU
		{6A2A68F5-C31E-4B5C-B70C-465432DC6A3B}.Release|Any CPU.Build.0 = Release|Any CPU
		{B0F4B6AB-A546-4FDF-95F2-E2C8AE07A973}.Debug|Any CPU.ActiveCfg = Debug|Any CPU
		{B0F4B6AB-A546-4FDF-95F2-E2C8AE07A973}.Debug|Any CPU.Build.0 = Debug|Any CPU
		{B0F4B6AB-A546-4FDF-95F2-E2C8AE07A973}.Release|Any CPU.ActiveCfg = Release|Any CPU
		{B0F4B6AB-A546-4FDF-95F2-E2C8AE07A973}.Release|Any CPU.Build.0 = Release|Any CPU
	EndGlobalSection
	GlobalSection(SolutionProperties) = preSolution
		HideSolutionNode = FALSE
	EndGlobalSection
	GlobalSection(ExtensibilityGlobals) = postSolution
		SolutionGuid = {A1CE32DA-C369-4EF2-9533-557EA5E15955}
	EndGlobalSection
EndGlobal
